
Microsoft Visual Studio Solution File, Format Version 12.00
# Visual Studio Version 16
VisualStudioVersion = 16.0.31911.196
MinimumVisualStudioVersion = 10.0.40219.1
Project("{FAE04EC0-301F-11D3-BF4B-00C04F79EFBC}") = "Airport", "Airport\Airport.csproj", "{16BD28C4-04BA-4863-A88D-08FDD6EEEEF4}"
EndProject
Global
	GlobalSection(SolutionConfigurationPlatforms) = preSolution
		Debug|Any CPU = Debug|Any CPU
		Release|Any CPU = Release|Any CPU
	EndGlobalSection
	GlobalSection(ProjectConfigurationPlatforms) = postSolution
		{16BD28C4-04BA-4863-A88D-08FDD6EEEEF4}.Debug|Any CPU.ActiveCfg = Debug|Any CPU
		{16BD28C4-04BA-4863-A88D-08FDD6EEEEF4}.Debug|Any CPU.Build.0 = Debug|Any CPU
		{16BD28C4-04BA-4863-A88D-08FDD6EEEEF4}.Release|Any CPU.ActiveCfg = Release|Any CPU
		{16BD28C4-04BA-4863-A88D-08FDD6EEEEF4}.Release|Any CPU.Build.0 = Release|Any CPU
	EndGlobalSection
	GlobalSection(SolutionProperties) = preSolution
		HideSolutionNode = FALSE
	EndGlobalSection
	GlobalSection(ExtensibilityGlobals) = postSolution
		SolutionGuid = {778DF531-2A89-4A92-8C2D-5F900045E7BD}
	EndGlobalSection
EndGlobal
